Microsoft Visual Studio Solution File, Format Version 12.00
# Visual Studio Version 17
VisualStudioVersion = 17.5.2.0
MinimumVisualStudioVersion = 10.0.40219.1
Project("{2150E333-8FDC-42A3-9474-1A3956D46DE8}") = "PostService", "PostService", "{BB429665-CFE0-863B-50AA-9F7CFC15E9B0}"
EndProject
Project("{FAE04EC0-301F-11D3-BF4B-00C04F79EFBC}") = "PostService", "PostService\PostService\PostService.csproj", "{C0B245D8-D581-A11E-E700-DE31D9ECD758}"
EndProject
Global
	GlobalSection(SolutionConfigurationPlatforms) = preSolution
		Debug|Any CPU = Debug|Any CPU
		Release|Any CPU = Release|Any CPU
	EndGlobalSection
	GlobalSection(ProjectConfigurationPlatforms) = postSolution
		{C0B245D8-D581-A11E-E700-DE31D9ECD758}.Debug|Any CPU.ActiveCfg = Debug|Any CPU
		{C0B245D8-D581-A11E-E700-DE31D9ECD758}.Debug|Any CPU.Build.0 = Debug|Any CPU
		{C0B245D8-D581-A11E-E700-DE31D9ECD758}.Release|Any CPU.ActiveCfg = Release|Any CPU
		{C0B245D8-D581-A11E-E700-DE31D9ECD758}.Release|Any CPU.Build.0 = Release|Any CPU
	EndGlobalSection
	GlobalSection(SolutionProperties) = preSolution
		HideSolutionNode = FALSE
	EndGlobalSection
	GlobalSection(NestedProjects) = preSolution
		{C0B245D8-D581-A11E-E700-DE31D9ECD758} = {BB429665-CFE0-863B-50AA-9F7CFC15E9B0}
	EndGlobalSection
	GlobalSection(ExtensibilityGlobals) = postSolution
		SolutionGuid = {2C009D92-08FC-4070-9F1A-64120C2BB8AA}
	EndGlobalSection
EndGlobal
